
Microsoft Visual Studio Solution File, Format Version 12.00
# Visual Studio Version 17
VisualStudioVersion = 17.8.34309.116
MinimumVisualStudioVersion = 10.0.40219.1
Project("{2150E333-8FDC-42A3-9474-1A3956D46DE8}") = "src", "src", "{B26AC8E2-30F6-44C3-83E2-A1DC95279299}"
EndProject
Project("{2150E333-8FDC-42A3-9474-1A3956D46DE8}") = "FrontEnd", "FrontEnd", "{A4828E7E-6180-4166-8390-F4AB5F0BE2BF}"
EndProject
Project("{2150E333-8FDC-42A3-9474-1A3956D46DE8}") = "BackEnd", "BackEnd", "{4BA227C4-8184-4729-BECF-AC1972B6A08A}"
EndProject
Project("{2150E333-8FDC-42A3-9474-1A3956D46DE8}") = "Common", "Common", "{09A5E7AB-5614-407E-99AE-E39562EFC3EC}"
EndProject
Project("{2150E333-8FDC-42A3-9474-1A3956D46DE8}") = "Infraestructure", "Infraestructure", "{E0FF8504-1C82-4C8A-8CB0-94C01E343F57}"
EndProject
Project("{9A19103F-16F7-4668-BE54-9A1E7A4F7556}") = "RestauranteSol.Common.Data", "RestauranteSol.Common.Data\RestauranteSol.Common.Data.csproj", "{BC57402B-C1C3-42FA-84BA-86673ED124BE}"
EndProject
Project("{9A19103F-16F7-4668-BE54-9A1E7A4F7556}") = "RestauranteSol.Infraestructure", "RestauranteSol.Infraestructure\RestauranteSol.Infraestructure.csproj", "{57A07CD5-640F-4C9E-A408-65AE1F32A0CA}"
EndProject
Project("{2150E333-8FDC-42A3-9474-1A3956D46DE8}") = "Modules", "Modules", "{F13184EB-7CB8-40C9-8717-12F955DAB8F7}"
EndProject
Project("{2150E333-8FDC-42A3-9474-1A3956D46DE8}") = "Cliente Managment", "Cliente Managment", "{8A0D98DF-4515-4293-ADE3-3DEEF7836EB3}"
EndProject
Project("{2150E333-8FDC-42A3-9474-1A3956D46DE8}") = "Apis", "Apis", "{221987A4-5579-4442-9039-972A5CA70365}"
EndProject
Project("{2150E333-8FDC-42A3-9474-1A3956D46DE8}") = "Application", "Application", "{6B262F4F-3367-4D3E-9C6D-6F7F4ADF9DA5}"
EndProject
Project("{2150E333-8FDC-42A3-9474-1A3956D46DE8}") = "Domain", "Domain", "{4C8D00DA-1DE0-493B-916D-F4813802069C}"
EndProject
Project("{2150E333-8FDC-42A3-9474-1A3956D46DE8}") = "Persistence", "Persistence", "{8F2CC70C-4D88-43F1-8B00-DD3A8BCAE0D2}"
EndProject
Project("{9A19103F-16F7-4668-BE54-9A1E7A4F7556}") = "RestauranteSol.Cliente.api", "RestauranteSol.Factura.api\RestauranteSol.Cliente.api.csproj", "{B9FD605B-BE30-4668-9F44-1FBED47A8D77}"
EndProject
Project("{9A19103F-16F7-4668-BE54-9A1E7A4F7556}") = "RestaurantePro.Cliente.Application", "RestaurantePro.Factura.Application\RestaurantePro.Cliente.Application.csproj", "{5D751838-6EAB-41D4-B92B-787874CA8109}"
EndProject
Project("{9A19103F-16F7-4668-BE54-9A1E7A4F7556}") = "RestaurantePro.Cliente.Domain", "RestaurantePro.Factura.Domain\RestaurantePro.Cliente.Domain.csproj", "{4E7D8991-9BD8-4082-A4F7-5F82E52B604D}"
EndProject
Project("{9A19103F-16F7-4668-BE54-9A1E7A4F7556}") = "RestaurantePro.Cliente.Persistance", "RestaurantePro.Factura.Persistance\RestaurantePro.Cliente.Persistance.csproj", "{88474AC0-7D86-4FE3-96B2-99DF6BED13ED}"
EndProject
Project("{2150E333-8FDC-42A3-9474-1A3956D46DE8}") = "IOC", "IOC", "{CE30912A-2E7F-4335-B55A-62A0FC1AC3C5}"
EndProject
Project("{9A19103F-16F7-4668-BE54-9A1E7A4F7556}") = "RestaurantePro.Cliente.IOC", "RestaurantePro.Factura.IOC\RestaurantePro.Cliente.IOC.csproj", "{1B4DFEB1-B3E5-467D-A2B3-2EF17FCE5050}"
EndProject
Project("{9A19103F-16F7-4668-BE54-9A1E7A4F7556}") = "RestaurantePro.WebUi", "RestaurantePro.WebUi\RestaurantePro.WebUi.csproj", "{04EE8463-0408-4E49-87E9-F5DE9F544365}"
EndProject
Global
	GlobalSection(SolutionConfigurationPlatforms) = preSolution
		Debug|Any CPU = Debug|Any CPU
		Release|Any CPU = Release|Any CPU
	EndGlobalSection
	GlobalSection(ProjectConfigurationPlatforms) = postSolution
		{BC57402B-C1C3-42FA-84BA-86673ED124BE}.Debug|Any CPU.ActiveCfg = Debug|Any CPU
		{BC57402B-C1C3-42FA-84BA-86673ED124BE}.Debug|Any CPU.Build.0 = Debug|Any CPU
		{BC57402B-C1C3-42FA-84BA-86673ED124BE}.Release|Any CPU.ActiveCfg = Release|Any CPU
		{BC57402B-C1C3-42FA-84BA-86673ED124BE}.Release|Any CPU.Build.0 = Release|Any CPU
		{57A07CD5-640F-4C9E-A408-65AE1F32A0CA}.Debug|Any CPU.ActiveCfg = Debug|Any CPU
		{57A07CD5-640F-4C9E-A408-65AE1F32A0CA}.Debug|Any CPU.Build.0 = Debug|Any CPU
		{57A07CD5-640F-4C9E-A408-65AE1F32A0CA}.Release|Any CPU.ActiveCfg = Release|Any CPU
		{57A07CD5-640F-4C9E-A408-65AE1F32A0CA}.Release|Any CPU.Build.0 = Release|Any CPU
		{B9FD605B-BE30-4668-9F44-1FBED47A8D77}.Debug|Any CPU.ActiveCfg = Debug|Any CPU
		{B9FD605B-BE30-4668-9F44-1FBED47A8D77}.Debug|Any CPU.Build.0 = Debug|Any CPU
		{B9FD605B-BE30-4668-9F44-1FBED47A8D77}.Release|Any CPU.ActiveCfg = Release|Any CPU
		{B9FD605B-BE30-4668-9F44-1FBED47A8D77}.Release|Any CPU.Build.0 = Release|Any CPU
		{5D751838-6EAB-41D4-B92B-787874CA8109}.Debug|Any CPU.ActiveCfg = Debug|Any CPU
		{5D751838-6EAB-41D4-B92B-787874CA8109}.Debug|Any CPU.Build.0 = Debug|Any CPU
		{5D751838-6EAB-41D4-B92B-787874CA8109}.Release|Any CPU.ActiveCfg = Release|Any CPU
		{5D751838-6EAB-41D4-B92B-787874CA8109}.Release|Any CPU.Build.0 = Release|Any CPU
		{4E7D8991-9BD8-4082-A4F7-5F82E52B604D}.Debug|Any CPU.ActiveCfg = Debug|Any CPU
		{4E7D8991-9BD8-4082-A4F7-5F82E52B604D}.Debug|Any CPU.Build.0 = Debug|Any CPU
		{4E7D8991-9BD8-4082-A4F7-5F82E52B604D}.Release|Any CPU.ActiveCfg = Release|Any CPU
		{4E7D8991-9BD8-4082-A4F7-5F82E52B604D}.Release|Any CPU.Build.0 = Release|Any CPU
		{88474AC0-7D86-4FE3-96B2-99DF6BED13ED}.Debug|Any CPU.ActiveCfg = Debug|Any CPU
		{88474AC0-7D86-4FE3-96B2-99DF6BED13ED}.Debug|Any CPU.Build.0 = Debug|Any CPU
		{88474AC0-7D86-4FE3-96B2-99DF6BED13ED}.Release|Any CPU.ActiveCfg = Release|Any CPU
		{88474AC0-7D86-4FE3-96B2-99DF6BED13ED}.Release|Any CPU.Build.0 = Release|Any CPU
		{1B4DFEB1-B3E5-467D-A2B3-2EF17FCE5050}.Debug|Any CPU.ActiveCfg = Debug|Any CPU
		{1B4DFEB1-B3E5-467D-A2B3-2EF17FCE5050}.Debug|Any CPU.Build.0 = Debug|Any CPU
		{1B4DFEB1-B3E5-467D-A2B3-2EF17FCE5050}.Release|Any CPU.ActiveCfg = Release|Any CPU
		{1B4DFEB1-B3E5-467D-A2B3-2EF17FCE5050}.Release|Any CPU.Build.0 = Release|Any CPU
		{04EE8463-0408-4E49-87E9-F5DE9F544365}.Debug|Any CPU.ActiveCfg = Debug|Any CPU
		{04EE8463-0408-4E49-87E9-F5DE9F544365}.Debug|Any CPU.Build.0 = Debug|Any CPU
		{04EE8463-0408-4E49-87E9-F5DE9F544365}.Release|Any CPU.ActiveCfg = Release|Any CPU
		{04EE8463-0408-4E49-87E9-F5DE9F544365}.Release|Any CPU.Build.0 = Release|Any CPU
	EndGlobalSection
	GlobalSection(SolutionProperties) = preSolution
		HideSolutionNode = FALSE
	EndGlobalSection
	GlobalSection(NestedProjects) = preSolution
		{A4828E7E-6180-4166-8390-F4AB5F0BE2BF} = {B26AC8E2-30F6-44C3-83E2-A1DC95279299}
		{4BA227C4-8184-4729-BECF-AC1972B6A08A} = {B26AC8E2-30F6-44C3-83E2-A1DC95279299}
		{09A5E7AB-5614-407E-99AE-E39562EFC3EC} = {4BA227C4-8184-4729-BECF-AC1972B6A08A}
		{E0FF8504-1C82-4C8A-8CB0-94C01E343F57} = {4BA227C4-8184-4729-BECF-AC1972B6A08A}
		{BC57402B-C1C3-42FA-84BA-86673ED124BE} = {09A5E7AB-5614-407E-99AE-E39562EFC3EC}
		{57A07CD5-640F-4C9E-A408-65AE1F32A0CA} = {E0FF8504-1C82-4C8A-8CB0-94C01E343F57}
		{F13184EB-7CB8-40C9-8717-12F955DAB8F7} = {4BA227C4-8184-4729-BECF-AC1972B6A08A}
		{8A0D98DF-4515-4293-ADE3-3DEEF7836EB3} = {F13184EB-7CB8-40C9-8717-12F955DAB8F7}
		{221987A4-5579-4442-9039-972A5CA70365} = {8A0D98DF-4515-4293-ADE3-3DEEF7836EB3}
		{6B262F4F-3367-4D3E-9C6D-6F7F4ADF9DA5} = {8A0D98DF-4515-4293-ADE3-3DEEF7836EB3}
		{4C8D00DA-1DE0-493B-916D-F4813802069C} = {8A0D98DF-4515-4293-ADE3-3DEEF7836EB3}
		{8F2CC70C-4D88-43F1-8B00-DD3A8BCAE0D2} = {8A0D98DF-4515-4293-ADE3-3DEEF7836EB3}
		{B9FD605B-BE30-4668-9F44-1FBED47A8D77} = {221987A4-5579-4442-9039-972A5CA70365}
		{5D751838-6EAB-41D4-B92B-787874CA8109} = {6B262F4F-3367-4D3E-9C6D-6F7F4ADF9DA5}
		{4E7D8991-9BD8-4082-A4F7-5F82E52B604D} = {4C8D00DA-1DE0-493B-916D-F4813802069C}
		{88474AC0-7D86-4FE3-96B2-99DF6BED13ED} = {8F2CC70C-4D88-43F1-8B00-DD3A8BCAE0D2}
		{CE30912A-2E7F-4335-B55A-62A0FC1AC3C5} = {8A0D98DF-4515-4293-ADE3-3DEEF7836EB3}
		{1B4DFEB1-B3E5-467D-A2B3-2EF17FCE5050} = {CE30912A-2E7F-4335-B55A-62A0FC1AC3C5}
		{04EE8463-0408-4E49-87E9-F5DE9F544365} = {A4828E7E-6180-4166-8390-F4AB5F0BE2BF}
	EndGlobalSection
	GlobalSection(ExtensibilityGlobals) = postSolution
		SolutionGuid = {4D75FD50-CC9A-49E0-8ADA-05B58445E8E3}
	EndGlobalSection
EndGlobal
